
Microsoft Visual Studio Solution File, Format Version 12.00
# Visual Studio 14
VisualStudioVersion = 14.0.25420.1
MinimumVisualStudioVersion = 10.0.40219.1
Project("{FAE04EC0-301F-11D3-BF4B-00C04F79EFBC}") = "移液机械臂上位机", "泵控制机械臂\移液机械臂上位机.csproj", "{B6E25BD1-45F0-4157-8806-8FA36641AF05}"
	ProjectSection(ProjectDependencies) = postProject
		{C3533C28-6A3D-4D55-84E5-DEC6E638F3FA} = {C3533C28-6A3D-4D55-84E5-DEC6E638F3FA}
		{819A6B90-1FE8-4E2D-AB5D-54B19B8D1AEB} = {819A6B90-1FE8-4E2D-AB5D-54B19B8D1AEB}
		{B6468DD5-58C4-4950-B3F6-DAF30A384F55} = {B6468DD5-58C4-4950-B3F6-DAF30A384F55}
	EndProjectSection
EndProject
Project("{FAE04EC0-301F-11D3-BF4B-00C04F79EFBC}") = "取样机械臂上位机", "打孔器机械臂\取样机械臂上位机.csproj", "{85DB45EA-319A-40F7-B4D4-65D41A20C214}"
	ProjectSection(ProjectDependencies) = postProject
		{C3533C28-6A3D-4D55-84E5-DEC6E638F3FA} = {C3533C28-6A3D-4D55-84E5-DEC6E638F3FA}
		{819A6B90-1FE8-4E2D-AB5D-54B19B8D1AEB} = {819A6B90-1FE8-4E2D-AB5D-54B19B8D1AEB}
		{B6468DD5-58C4-4950-B3F6-DAF30A384F55} = {B6468DD5-58C4-4950-B3F6-DAF30A384F55}
	EndProjectSection
EndProject
Project("{FAE04EC0-301F-11D3-BF4B-00C04F79EFBC}") = "机器人相关类库", "机器人相关类库\机器人相关类库.csproj", "{819A6B90-1FE8-4E2D-AB5D-54B19B8D1AEB}"
EndProject
Project("{FAE04EC0-301F-11D3-BF4B-00C04F79EFBC}") = "Modbus", "Modbus\Modbus.csproj", "{B6468DD5-58C4-4950-B3F6-DAF30A384F55}"
EndProject
Project("{FAE04EC0-301F-11D3-BF4B-00C04F79EFBC}") = "MasterTCP", "MasterTCP\MasterTCP.csproj", "{8A9BE1D8-163C-4618-AF7F-C10BC27CFCE9}"
	ProjectSection(ProjectDependencies) = postProject
		{B6468DD5-58C4-4950-B3F6-DAF30A384F55} = {B6468DD5-58C4-4950-B3F6-DAF30A384F55}
	EndProjectSection
EndProject
Project("{FAE04EC0-301F-11D3-BF4B-00C04F79EFBC}") = "SlaverTCP", "SlaverTCP\SlaverTCP.csproj", "{C42BF28E-5D25-45F3-BA0B-17B9894F5ADF}"
	ProjectSection(ProjectDependencies) = postProject
		{B6468DD5-58C4-4950-B3F6-DAF30A384F55} = {B6468DD5-58C4-4950-B3F6-DAF30A384F55}
	EndProjectSection
EndProject
Project("{FAE04EC0-301F-11D3-BF4B-00C04F79EFBC}") = "搬运机械臂上位机", "机械臂控制软件\搬运机械臂上位机.csproj", "{15C14829-8450-4369-A672-4931B98583A6}"
	ProjectSection(ProjectDependencies) = postProject
		{819A6B90-1FE8-4E2D-AB5D-54B19B8D1AEB} = {819A6B90-1FE8-4E2D-AB5D-54B19B8D1AEB}
		{B6468DD5-58C4-4950-B3F6-DAF30A384F55} = {B6468DD5-58C4-4950-B3F6-DAF30A384F55}
	EndProjectSection
EndProject
Project("{FAE04EC0-301F-11D3-BF4B-00C04F79EFBC}") = "Test", "Test\Test.csproj", "{86FB5D0A-F67F-4C3B-86D3-2CF2E5A97D38}"
EndProject
Project("{FAE04EC0-301F-11D3-BF4B-00C04F79EFBC}") = "控件", "控件\控件.csproj", "{C3533C28-6A3D-4D55-84E5-DEC6E638F3FA}"
EndProject
Global
	GlobalSection(SolutionConfigurationPlatforms) = preSolution
		Debug|Any CPU = Debug|Any CPU
		Release|Any CPU = Release|Any CPU
	EndGlobalSection
	GlobalSection(ProjectConfigurationPlatforms) = postSolution
		{B6E25BD1-45F0-4157-8806-8FA36641AF05}.Debug|Any CPU.ActiveCfg = Debug|Any CPU
		{B6E25BD1-45F0-4157-8806-8FA36641AF05}.Debug|Any CPU.Build.0 = Debug|Any CPU
		{B6E25BD1-45F0-4157-8806-8FA36641AF05}.Release|Any CPU.ActiveCfg = Release|Any CPU
		{B6E25BD1-45F0-4157-8806-8FA36641AF05}.Release|Any CPU.Build.0 = Release|Any CPU
		{85DB45EA-319A-40F7-B4D4-65D41A20C214}.Debug|Any CPU.ActiveCfg = Debug|Any CPU
		{85DB45EA-319A-40F7-B4D4-65D41A20C214}.Debug|Any CPU.Build.0 = Debug|Any CPU
		{85DB45EA-319A-40F7-B4D4-65D41A20C214}.Release|Any CPU.ActiveCfg = Release|Any CPU
		{85DB45EA-319A-40F7-B4D4-65D41A20C214}.Release|Any CPU.Build.0 = Release|Any CPU
		{819A6B90-1FE8-4E2D-AB5D-54B19B8D1AEB}.Debug|Any CPU.ActiveCfg = Debug|Any CPU
		{819A6B90-1FE8-4E2D-AB5D-54B19B8D1AEB}.Debug|Any CPU.Build.0 = Debug|Any CPU
		{819A6B90-1FE8-4E2D-AB5D-54B19B8D1AEB}.Release|Any CPU.ActiveCfg = Release|Any CPU
		{819A6B90-1FE8-4E2D-AB5D-54B19B8D1AEB}.Release|Any CPU.Build.0 = Release|Any CPU
		{B6468DD5-58C4-4950-B3F6-DAF30A384F55}.Debug|Any CPU.ActiveCfg = Debug|Any CPU
		{B6468DD5-58C4-4950-B3F6-DAF30A384F55}.Debug|Any CPU.Build.0 = Debug|Any CPU
		{B6468DD5-58C4-4950-B3F6-DAF30A384F55}.Release|Any CPU.ActiveCfg = Release|Any CPU
		{B6468DD5-58C4-4950-B3F6-DAF30A384F55}.Release|Any CPU.Build.0 = Release|Any CPU
		{8A9BE1D8-163C-4618-AF7F-C10BC27CFCE9}.Debug|Any CPU.ActiveCfg = Debug|Any CPU
		{8A9BE1D8-163C-4618-AF7F-C10BC27CFCE9}.Debug|Any CPU.Build.0 = Debug|Any CPU
		{8A9BE1D8-163C-4618-AF7F-C10BC27CFCE9}.Release|Any CPU.ActiveCfg = Release|Any CPU
		{8A9BE1D8-163C-4618-AF7F-C10BC27CFCE9}.Release|Any CPU.Build.0 = Release|Any CPU
		{C42BF28E-5D25-45F3-BA0B-17B9894F5ADF}.Debug|Any CPU.ActiveCfg = Debug|Any CPU
		{C42BF28E-5D25-45F3-BA0B-17B9894F5ADF}.Debug|Any CPU.Build.0 = Debug|Any CPU
		{C42BF28E-5D25-45F3-BA0B-17B9894F5ADF}.Release|Any CPU.ActiveCfg = Release|Any CPU
		{C42BF28E-5D25-45F3-BA0B-17B9894F5ADF}.Release|Any CPU.Build.0 = Release|Any CPU
		{15C14829-8450-4369-A672-4931B98583A6}.Debug|Any CPU.ActiveCfg = Debug|Any CPU
		{15C14829-8450-4369-A672-4931B98583A6}.Debug|Any CPU.Build.0 = Debug|Any CPU
		{15C14829-8450-4369-A672-4931B98583A6}.Release|Any CPU.ActiveCfg = Release|Any CPU
		{15C14829-8450-4369-A672-4931B98583A6}.Release|Any CPU.Build.0 = Release|Any CPU
		{86FB5D0A-F67F-4C3B-86D3-2CF2E5A97D38}.Debug|Any CPU.ActiveCfg = Debug|Any CPU
		{86FB5D0A-F67F-4C3B-86D3-2CF2E5A97D38}.Debug|Any CPU.Build.0 = Debug|Any CPU
		{86FB5D0A-F67F-4C3B-86D3-2CF2E5A97D38}.Release|Any CPU.ActiveCfg = Release|Any CPU
		{86FB5D0A-F67F-4C3B-86D3-2CF2E5A97D38}.Release|Any CPU.Build.0 = Release|Any CPU
		{C3533C28-6A3D-4D55-84E5-DEC6E638F3FA}.Debug|Any CPU.ActiveCfg = Debug|Any CPU
		{C3533C28-6A3D-4D55-84E5-DEC6E638F3FA}.Debug|Any CPU.Build.0 = Debug|Any CPU
		{C3533C28-6A3D-4D55-84E5-DEC6E638F3FA}.Release|Any CPU.ActiveCfg = Release|Any CPU
		{C3533C28-6A3D-4D55-84E5-DEC6E638F3FA}.Release|Any CPU.Build.0 = Release|Any CPU
	EndGlobalSection
	GlobalSection(SolutionProperties) = preSolution
		HideSolutionNode = FALSE
	EndGlobalSection
EndGlobal
